
Microsoft Visual Studio Solution File, Format Version 12.00
# Visual Studio Version 17
VisualStudioVersion = 17.10.35013.160
MinimumVisualStudioVersion = 10.0.40219.1
Project("{FAE04EC0-301F-11D3-BF4B-00C04F79EFBC}") = "lab_7_ado", "lab_7_ado\lab_7_ado.csproj", "{118B05C4-63F6-4ABB-A112-F0FD47608A17}"
EndProject
Global
	GlobalSection(SolutionConfigurationPlatforms) = preSolution
		Debug|Any CPU = Debug|Any CPU
		Release|Any CPU = Release|Any CPU
	EndGlobalSection
	GlobalSection(ProjectConfigurationPlatforms) = postSolution
		{118B05C4-63F6-4ABB-A112-F0FD47608A17}.Debug|Any CPU.ActiveCfg = Debug|Any CPU
		{118B05C4-63F6-4ABB-A112-F0FD47608A17}.Debug|Any CPU.Build.0 = Debug|Any CPU
		{118B05C4-63F6-4ABB-A112-F0FD47608A17}.Release|Any CPU.ActiveCfg = Release|Any CPU
		{118B05C4-63F6-4ABB-A112-F0FD47608A17}.Release|Any CPU.Build.0 = Release|Any CPU
	EndGlobalSection
	GlobalSection(SolutionProperties) = preSolution
		HideSolutionNode = FALSE
	EndGlobalSection
	GlobalSection(ExtensibilityGlobals) = postSolution
		SolutionGuid = {B5A60B46-91BC-4EC7-B5C9-E699777FB792}
	EndGlobalSection
EndGlobal
