
Microsoft Visual Studio Solution File, Format Version 12.00
# Visual Studio Version 17
VisualStudioVersion = 17.10.35013.160
MinimumVisualStudioVersion = 10.0.40219.1
Project("{FAE04EC0-301F-11D3-BF4B-00C04F79EFBC}") = "lab_6_easy", "lab_6_easy\lab_6_easy.csproj", "{F9F3C5A4-3305-4A43-97E7-F6A9BE8C510B}"
EndProject
Global
	GlobalSection(SolutionConfigurationPlatforms) = preSolution
		Debug|Any CPU = Debug|Any CPU
		Release|Any CPU = Release|Any CPU
	EndGlobalSection
	GlobalSection(ProjectConfigurationPlatforms) = postSolution
		{F9F3C5A4-3305-4A43-97E7-F6A9BE8C510B}.Debug|Any CPU.ActiveCfg = Debug|Any CPU
		{F9F3C5A4-3305-4A43-97E7-F6A9BE8C510B}.Debug|Any CPU.Build.0 = Debug|Any CPU
		{F9F3C5A4-3305-4A43-97E7-F6A9BE8C510B}.Release|Any CPU.ActiveCfg = Release|Any CPU
		{F9F3C5A4-3305-4A43-97E7-F6A9BE8C510B}.Release|Any CPU.Build.0 = Release|Any CPU
	EndGlobalSection
	GlobalSection(SolutionProperties) = preSolution
		HideSolutionNode = FALSE
	EndGlobalSection
	GlobalSection(ExtensibilityGlobals) = postSolution
		SolutionGuid = {AE7F21B4-3B17-41A4-AC6A-009ECF841483}
	EndGlobalSection
EndGlobal
